
Microsoft Visual Studio Solution File, Format Version 12.00
# Visual Studio Version 17
VisualStudioVersion = 17.7.34202.233
MinimumVisualStudioVersion = 10.0.40219.1
Project("{FAE04EC0-301F-11D3-BF4B-00C04F79EFBC}") = "MiddlewareExample", "MiddlewareExample.csproj", "{C18BA4BA-CDAB-4BD6-941D-1822709FDFDC}"
EndProject
Global
	GlobalSection(SolutionConfigurationPlatforms) = preSolution
		Debug|Any CPU = Debug|Any CPU
		Release|Any CPU = Release|Any CPU
	EndGlobalSection
	GlobalSection(ProjectConfigurationPlatforms) = postSolution
		{C18BA4BA-CDAB-4BD6-941D-1822709FDFDC}.Debug|Any CPU.ActiveCfg = Debug|Any CPU
		{C18BA4BA-CDAB-4BD6-941D-1822709FDFDC}.Debug|Any CPU.Build.0 = Debug|Any CPU
		{C18BA4BA-CDAB-4BD6-941D-1822709FDFDC}.Release|Any CPU.ActiveCfg = Release|Any CPU
		{C18BA4BA-CDAB-4BD6-941D-1822709FDFDC}.Release|Any CPU.Build.0 = Release|Any CPU
	EndGlobalSection
	GlobalSection(SolutionProperties) = preSolution
		HideSolutionNode = FALSE
	EndGlobalSection
	GlobalSection(ExtensibilityGlobals) = postSolution
		SolutionGuid = {AD557CD9-62E1-4826-B0BB-D190F937D658}
	EndGlobalSection
EndGlobal
